// !$*UTF8*$!
{
	archiveVersion = 1;
	classes = {
	};
	objectVersion = 50;
	objects = {

/* Begin PBXBuildFile section */
		BA29889020BCF89200D19DEF /* Colors.swift in Sources */ = {isa = PBXBuildFile; fileRef = BA29888F20BCF89200D19DEF /* Colors.swift */; };
		BA2988A020BDCE1900D19DEF /* AssessmentManager.swift in Sources */ = {isa = PBXBuildFile; fileRef = BA29889F20BDCE1900D19DEF /* AssessmentManager.swift */; };
		BA357DCC20BDD0DF00000AF0 /* ExtensionDelegate.swift in Sources */ = {isa = PBXBuildFile; fileRef = BA357DCB20BDD0DF00000AF0 /* ExtensionDelegate.swift */; };
		BA87DBA220B80FFB004ACAFF /* AppDelegate.swift in Sources */ = {isa = PBXBuildFile; fileRef = BA87DBA120B80FFB004ACAFF /* AppDelegate.swift */; };
		BA87DBA720B80FFB004ACAFF /* Main.storyboard in Resources */ = {isa = PBXBuildFile; fileRef = BA87DBA520B80FFB004ACAFF /* Main.storyboard */; };
		BA87DBA920B80FFD004ACAFF /* Assets.xcassets in Resources */ = {isa = PBXBuildFile; fileRef = BA87DBA820B80FFD004ACAFF /* Assets.xcassets */; };
		BA87DBAC20B80FFD004ACAFF /* LaunchScreen.storyboard in Resources */ = {isa = PBXBuildFile; fileRef = BA87DBAA20B80FFD004ACAFF /* LaunchScreen.storyboard */; };
		BA87DBB120B80FFD004ACAFF /* ORKParkinsonStudy WatchKit App.app in Embed Watch Content */ = {isa = PBXBuildFile; fileRef = BA87DBB020B80FFD004ACAFF /* ORKParkinsonStudy WatchKit App.app */; };
		BA87DBB720B80FFD004ACAFF /* Interface.storyboard in Resources */ = {isa = PBXBuildFile; fileRef = BA87DBB520B80FFD004ACAFF /* Interface.storyboard */; };
		BA87DBC020B80FFD004ACAFF /* ORKParkinsonStudy WatchKit Extension.appex in Embed App Extensions */ = {isa = PBXBuildFile; fileRef = BA87DBBF20B80FFD004ACAFF /* ORKParkinsonStudy WatchKit Extension.appex */; settings = {ATTRIBUTES = (RemoveHeadersOnCopy, ); }; };
		BA87DBC520B80FFD004ACAFF /* InterfaceController.swift in Sources */ = {isa = PBXBuildFile; fileRef = BA87DBC420B80FFD004ACAFF /* InterfaceController.swift */; };
		BA87DBC920B80FFD004ACAFF /* NotificationController.swift in Sources */ = {isa = PBXBuildFile; fileRef = BA87DBC820B80FFD004ACAFF /* NotificationController.swift */; };
		BA87DBCB20B80FFD004ACAFF /* ComplicationController.swift in Sources */ = {isa = PBXBuildFile; fileRef = BA87DBCA20B80FFD004ACAFF /* ComplicationController.swift */; };
		BA87DBF020B81A79004ACAFF /* RootViewController.swift in Sources */ = {isa = PBXBuildFile; fileRef = BA87DBEF20B81A79004ACAFF /* RootViewController.swift */; };
		BA87DBF320B81BFB004ACAFF /* OnboardingStateManager.swift in Sources */ = {isa = PBXBuildFile; fileRef = BA87DBF220B81BFB004ACAFF /* OnboardingStateManager.swift */; };
		BA87DBF520B81D21004ACAFF /* OnboardingViewController.swift in Sources */ = {isa = PBXBuildFile; fileRef = BA87DBF420B81D21004ACAFF /* OnboardingViewController.swift */; };
		BA87DBF820B81DB1004ACAFF /* TaskListViewController.swift in Sources */ = {isa = PBXBuildFile; fileRef = BA87DBF720B81DB1004ACAFF /* TaskListViewController.swift */; };
		BA87DBFA20B81E3D004ACAFF /* ConsentDocument.swift in Sources */ = {isa = PBXBuildFile; fileRef = BA87DBF920B81E3D004ACAFF /* ConsentDocument.swift */; };
		BA87DBFE20B81EBF004ACAFF /* ResearchKit.framework in Frameworks */ = {isa = PBXBuildFile; fileRef = BA87DBFD20B81EBF004ACAFF /* ResearchKit.framework */; };
		BA87DBFF20B81EBF004ACAFF /* ResearchKit.framework in Embed Frameworks */ = {isa = PBXBuildFile; fileRef = BA87DBFD20B81EBF004ACAFF /* ResearchKit.framework */; settings = {ATTRIBUTES = (CodeSignOnCopy, RemoveHeadersOnCopy, ); }; };
		BA87DC0A20B8334C004ACAFF /* Localizable.strings in Resources */ = {isa = PBXBuildFile; fileRef = BA87DC0820B8334C004ACAFF /* Localizable.strings */; };
		BA87DC0E20B83642004ACAFF /* HeaderView.swift in Sources */ = {isa = PBXBuildFile; fileRef = BA87DC0D20B83642004ACAFF /* HeaderView.swift */; };
		BA87DC1120B8BA08004ACAFF /* GraphViewController.swift in Sources */ = {isa = PBXBuildFile; fileRef = BA87DC1020B8BA08004ACAFF /* GraphViewController.swift */; };
		BA907FAF20C07558003E7BE9 /* tremor.json in Resources */ = {isa = PBXBuildFile; fileRef = BA907FAD20C07558003E7BE9 /* tremor.json */; };
		BA907FB020C07558003E7BE9 /* dyskinesia.json in Resources */ = {isa = PBXBuildFile; fileRef = BA907FAE20C07558003E7BE9 /* dyskinesia.json */; };
		BADF599E20BB55150070F7D9 /* ChartDataSources.swift in Sources */ = {isa = PBXBuildFile; fileRef = BADF599D20BB55150070F7D9 /* ChartDataSources.swift */; };
		BADF59A820BB61800070F7D9 /* BarGraphChartTableViewCell.swift in Sources */ = {isa = PBXBuildFile; fileRef = BADF59A720BB61800070F7D9 /* BarGraphChartTableViewCell.swift */; };
/* End PBXBuildFile section */

/* Begin PBXContainerItemProxy section */
		BA87DBB220B80FFD004ACAFF /* PBXContainerItemProxy */ = {
			isa = PBXContainerItemProxy;
			containerPortal = BA87DB9620B80FFB004ACAFF /* Project object */;
			proxyType = 1;
			remoteGlobalIDString = BA87DBAF20B80FFD004ACAFF;
			remoteInfo = "ORKParkinsonStudy WatchKit App";
		};
		BA87DBC120B80FFD004ACAFF /* PBXContainerItemProxy */ = {
			isa = PBXContainerItemProxy;
			containerPortal = BA87DB9620B80FFB004ACAFF /* Project object */;
			proxyType = 1;
			remoteGlobalIDString = BA87DBBE20B80FFD004ACAFF;
			remoteInfo = "ORKParkinsonStudy WatchKit Extension";
		};
/* End PBXContainerItemProxy section */

/* Begin PBXCopyFilesBuildPhase section */
		BA87DBD520B80FFE004ACAFF /* Embed App Extensions */ = {
			isa = PBXCopyFilesBuildPhase;
			buildActionMask = 2147483647;
			dstPath = "";
			dstSubfolderSpec = 13;
			files = (
				BA87DBC020B80FFD004ACAFF /* ORKParkinsonStudy WatchKit Extension.appex in Embed App Extensions */,
			);
			name = "Embed App Extensions";
			runOnlyForDeploymentPostprocessing = 0;
		};
		BA87DBD920B80FFE004ACAFF /* Embed Watch Content */ = {
			isa = PBXCopyFilesBuildPhase;
			buildActionMask = 2147483647;
			dstPath = "$(CONTENTS_FOLDER_PATH)/Watch";
			dstSubfolderSpec = 16;
			files = (
				BA87DBB120B80FFD004ACAFF /* ORKParkinsonStudy WatchKit App.app in Embed Watch Content */,
			);
			name = "Embed Watch Content";
			runOnlyForDeploymentPostprocessing = 0;
		};
		BA87DC0020B81EBF004ACAFF /* Embed Frameworks */ = {
			isa = PBXCopyFilesBuildPhase;
			buildActionMask = 2147483647;
			dstPath = "";
			dstSubfolderSpec = 10;
			files = (
				BA87DBFF20B81EBF004ACAFF /* ResearchKit.framework in Embed Frameworks */,
			);
			name = "Embed Frameworks";
			runOnlyForDeploymentPostprocessing = 0;
		};
/* End PBXCopyFilesBuildPhase section */

/* Begin PBXFileReference section */
		BA29888F20BCF89200D19DEF /* Colors.swift */ = {isa = PBXFileReference; lastKnownFileType = sourcecode.swift; path = Colors.swift; sourceTree = "<group>"; };
		BA29889320BDC88500D19DEF /* CoreMotion.framework */ = {isa = PBXFileReference; lastKnownFileType = wrapper.framework; name = CoreMotion.framework; path = Platforms/WatchOS.platform/Developer/SDKs/WatchOS5.0.sdk/System/Library/Frameworks/CoreMotion.framework; sourceTree = DEVELOPER_DIR; };
		BA29889F20BDCE1900D19DEF /* AssessmentManager.swift */ = {isa = PBXFileReference; lastKnownFileType = sourcecode.swift; path = AssessmentManager.swift; sourceTree = "<group>"; };
		BA357DCA20BDD05B00000AF0 /* ORKParkinsonStudy-Bridging-Header.h */ = {isa = PBXFileReference; lastKnownFileType = sourcecode.c.h; path = "ORKParkinsonStudy-Bridging-Header.h"; sourceTree = "<group>"; };
		BA357DCB20BDD0DF00000AF0 /* ExtensionDelegate.swift */ = {isa = PBXFileReference; fileEncoding = 4; lastKnownFileType = sourcecode.swift; path = ExtensionDelegate.swift; sourceTree = "<group>"; };
		BA87DB9E20B80FFB004ACAFF /* ORKParkinsonStudy.app */ = {isa = PBXFileReference; explicitFileType = wrapper.application; includeInIndex = 0; path = ORKParkinsonStudy.app; sourceTree = BUILT_PRODUCTS_DIR; };
		BA87DBA120B80FFB004ACAFF /* AppDelegate.swift */ = {isa = PBXFileReference; lastKnownFileType = sourcecode.swift; path = AppDelegate.swift; sourceTree = "<group>"; };
		BA87DBA620B80FFB004ACAFF /* Base */ = {isa = PBXFileReference; lastKnownFileType = file.storyboard; name = Base; path = Base.lproj/Main.storyboard; sourceTree = "<group>"; };
		BA87DBA820B80FFD004ACAFF /* Assets.xcassets */ = {isa = PBXFileReference; lastKnownFileType = folder.assetcatalog; path = Assets.xcassets; sourceTree = "<group>"; };
		BA87DBAB20B80FFD004ACAFF /* Base */ = {isa = PBXFileReference; lastKnownFileType = file.storyboard; name = Base; path = Base.lproj/LaunchScreen.storyboard; sourceTree = "<group>"; };
		BA87DBAD20B80FFD004ACAFF /* Info.plist */ = {isa = PBXFileReference; lastKnownFileType = text.plist.xml; path = Info.plist; sourceTree = "<group>"; };
		BA87DBB020B80FFD004ACAFF /* ORKParkinsonStudy WatchKit App.app */ = {isa = PBXFileReference; explicitFileType = wrapper.application; includeInIndex = 0; path = "ORKParkinsonStudy WatchKit App.app"; sourceTree = BUILT_PRODUCTS_DIR; };
		BA87DBB620B80FFD004ACAFF /* Base */ = {isa = PBXFileReference; lastKnownFileType = file.storyboard; name = Base; path = Base.lproj/Interface.storyboard; sourceTree = "<group>"; };
		BA87DBBA20B80FFD004ACAFF /* Info.plist */ = {isa = PBXFileReference; lastKnownFileType = text.plist.xml; path = Info.plist; sourceTree = "<group>"; };
		BA87DBBF20B80FFD004ACAFF /* ORKParkinsonStudy WatchKit Extension.appex */ = {isa = PBXFileReference; explicitFileType = "wrapper.app-extension"; includeInIndex = 0; path = "ORKParkinsonStudy WatchKit Extension.appex"; sourceTree = BUILT_PRODUCTS_DIR; };
		BA87DBC420B80FFD004ACAFF /* InterfaceController.swift */ = {isa = PBXFileReference; lastKnownFileType = sourcecode.swift; path = InterfaceController.swift; sourceTree = "<group>"; };
		BA87DBC820B80FFD004ACAFF /* NotificationController.swift */ = {isa = PBXFileReference; lastKnownFileType = sourcecode.swift; path = NotificationController.swift; sourceTree = "<group>"; };
		BA87DBCA20B80FFD004ACAFF /* ComplicationController.swift */ = {isa = PBXFileReference; lastKnownFileType = sourcecode.swift; path = ComplicationController.swift; sourceTree = "<group>"; };
		BA87DBCE20B80FFE004ACAFF /* Info.plist */ = {isa = PBXFileReference; lastKnownFileType = text.plist.xml; path = Info.plist; sourceTree = "<group>"; };
		BA87DBCF20B80FFE004ACAFF /* PushNotificationPayload.apns */ = {isa = PBXFileReference; lastKnownFileType = text; path = PushNotificationPayload.apns; sourceTree = "<group>"; };
		BA87DBE620B81307004ACAFF /* ResearchKit.framework */ = {isa = PBXFileReference; lastKnownFileType = wrapper.framework; name = ResearchKit.framework; path = "../../../../../../Library/Developer/Xcode/DerivedData/RKWorkspace-cwgffykaxbqdxvcunvphbajbfyhl/Build/Products/Debug-iphoneos/ResearchKit.framework"; sourceTree = "<group>"; };
		BA87DBE820B814A7004ACAFF /* README.md */ = {isa = PBXFileReference; lastKnownFileType = net.daringfireball.markdown; path = README.md; sourceTree = "<group>"; };
		BA87DBEF20B81A79004ACAFF /* RootViewController.swift */ = {isa = PBXFileReference; lastKnownFileType = sourcecode.swift; path = RootViewController.swift; sourceTree = "<group>"; };
		BA87DBF220B81BFB004ACAFF /* OnboardingStateManager.swift */ = {isa = PBXFileReference; lastKnownFileType = sourcecode.swift; path = OnboardingStateManager.swift; sourceTree = "<group>"; };
		BA87DBF420B81D21004ACAFF /* OnboardingViewController.swift */ = {isa = PBXFileReference; lastKnownFileType = sourcecode.swift; path = OnboardingViewController.swift; sourceTree = "<group>"; };
		BA87DBF720B81DB1004ACAFF /* TaskListViewController.swift */ = {isa = PBXFileReference; lastKnownFileType = sourcecode.swift; path = TaskListViewController.swift; sourceTree = "<group>"; };
		BA87DBF920B81E3D004ACAFF /* ConsentDocument.swift */ = {isa = PBXFileReference; lastKnownFileType = sourcecode.swift; path = ConsentDocument.swift; sourceTree = "<group>"; };
		BA87DBFD20B81EBF004ACAFF /* ResearchKit.framework */ = {isa = PBXFileReference; explicitFileType = wrapper.framework; path = ResearchKit.framework; sourceTree = BUILT_PRODUCTS_DIR; };
		BA87DC0920B8334C004ACAFF /* Base */ = {isa = PBXFileReference; lastKnownFileType = text.plist.strings; name = Base; path = ORKParkinsonStudy/Base.lproj/Localizable.strings; sourceTree = SOURCE_ROOT; };
		BA87DC0B20B83350004ACAFF /* en */ = {isa = PBXFileReference; lastKnownFileType = text.plist.strings; name = en; path = ../en.lproj/Localizable.strings; sourceTree = "<group>"; };
		BA87DC0D20B83642004ACAFF /* HeaderView.swift */ = {isa = PBXFileReference; lastKnownFileType = sourcecode.swift; path = HeaderView.swift; sourceTree = "<group>"; };
		BA87DC1020B8BA08004ACAFF /* GraphViewController.swift */ = {isa = PBXFileReference; lastKnownFileType = sourcecode.swift; path = GraphViewController.swift; sourceTree = "<group>"; };
		BA907FAD20C07558003E7BE9 /* tremor.json */ = {isa = PBXFileReference; fileEncoding = 4; lastKnownFileType = text.json; path = tremor.json; sourceTree = "<group>"; };
		BA907FAE20C07558003E7BE9 /* dyskinesia.json */ = {isa = PBXFileReference; fileEncoding = 4; lastKnownFileType = text.json; path = dyskinesia.json; sourceTree = "<group>"; };
		BADF599D20BB55150070F7D9 /* ChartDataSources.swift */ = {isa = PBXFileReference; lastKnownFileType = sourcecode.swift; path = ChartDataSources.swift; sourceTree = "<group>"; };
		BADF59A720BB61800070F7D9 /* BarGraphChartTableViewCell.swift */ = {isa = PBXFileReference; lastKnownFileType = sourcecode.swift; path = BarGraphChartTableViewCell.swift; sourceTree = "<group>"; };
/* End PBXFileReference section */

/* Begin PBXFrameworksBuildPhase section */
		BA87DB9B20B80FFB004ACAFF /* Frameworks */ = {
			isa = PBXFrameworksBuildPhase;
			buildActionMask = 2147483647;
			files = (
				BA87DBFE20B81EBF004ACAFF /* ResearchKit.framework in Frameworks */,
			);
			runOnlyForDeploymentPostprocessing = 0;
		};
		BA87DBBC20B80FFD004ACAFF /* Frameworks */ = {
			isa = PBXFrameworksBuildPhase;
			buildActionMask = 2147483647;
			files = (
			);
			runOnlyForDeploymentPostprocessing = 0;
		};
/* End PBXFrameworksBuildPhase section */

/* Begin PBXGroup section */
		BA2988A120BDCE2B00D19DEF /* Supporting Files */ = {
			isa = PBXGroup;
			children = (
				BA357DCB20BDD0DF00000AF0 /* ExtensionDelegate.swift */,
				BA357DCA20BDD05B00000AF0 /* ORKParkinsonStudy-Bridging-Header.h */,
				BA87DBCE20B80FFE004ACAFF /* Info.plist */,
				BA87DBCF20B80FFE004ACAFF /* PushNotificationPayload.apns */,
				BA87DBC420B80FFD004ACAFF /* InterfaceController.swift */,
				BA87DBC820B80FFD004ACAFF /* NotificationController.swift */,
				BA87DBCA20B80FFD004ACAFF /* ComplicationController.swift */,
			);
			path = "Supporting Files";
			sourceTree = "<group>";
		};
		BA87DB9520B80FFB004ACAFF = {
			isa = PBXGroup;
			children = (
				BA87DBFD20B81EBF004ACAFF /* ResearchKit.framework */,
				BA87DBE820B814A7004ACAFF /* README.md */,
				BA87DBA020B80FFB004ACAFF /* ORKParkinsonStudy */,
				BA87DBB420B80FFD004ACAFF /* ORKParkinsonStudy WatchKit App */,
				BA87DBC320B80FFD004ACAFF /* ORKParkinsonStudy WatchKit Extension */,
				BA87DB9F20B80FFB004ACAFF /* Products */,
				BA87DBE120B812DC004ACAFF /* Frameworks */,
			);
			sourceTree = "<group>";
		};
		BA87DB9F20B80FFB004ACAFF /* Products */ = {
			isa = PBXGroup;
			children = (
				BA87DB9E20B80FFB004ACAFF /* ORKParkinsonStudy.app */,
				BA87DBB020B80FFD004ACAFF /* ORKParkinsonStudy WatchKit App.app */,
				BA87DBBF20B80FFD004ACAFF /* ORKParkinsonStudy WatchKit Extension.appex */,
			);
			name = Products;
			sourceTree = "<group>";
		};
		BA87DBA020B80FFB004ACAFF /* ORKParkinsonStudy */ = {
			isa = PBXGroup;
			children = (
				BA87DBA120B80FFB004ACAFF /* AppDelegate.swift */,
				BA87DBF620B81D90004ACAFF /* Presenting Tasks */,
				BA87DC0F20B8B9EC004ACAFF /* Graphs */,
				BA87DBF120B81BB2004ACAFF /* Onboarding */,
				BA87DBEE20B81A36004ACAFF /* Main */,
				BA87DBED20B8192C004ACAFF /* Supporting Files */,
			);
			path = ORKParkinsonStudy;
			sourceTree = "<group>";
		};
		BA87DBB420B80FFD004ACAFF /* ORKParkinsonStudy WatchKit App */ = {
			isa = PBXGroup;
			children = (
				BA87DBB520B80FFD004ACAFF /* Interface.storyboard */,
				BA87DBBA20B80FFD004ACAFF /* Info.plist */,
			);
			path = "ORKParkinsonStudy WatchKit App";
			sourceTree = "<group>";
		};
		BA87DBC320B80FFD004ACAFF /* ORKParkinsonStudy WatchKit Extension */ = {
			isa = PBXGroup;
			children = (
				BA29889F20BDCE1900D19DEF /* AssessmentManager.swift */,
				BA2988A120BDCE2B00D19DEF /* Supporting Files */,
			);
			path = "ORKParkinsonStudy WatchKit Extension";
			sourceTree = "<group>";
		};
		BA87DBE120B812DC004ACAFF /* Frameworks */ = {
			isa = PBXGroup;
			children = (
				BA29889320BDC88500D19DEF /* CoreMotion.framework */,
				BA87DBE620B81307004ACAFF /* ResearchKit.framework */,
			);
			path = Frameworks;
			sourceTree = "<group>";
		};
		BA87DBED20B8192C004ACAFF /* Supporting Files */ = {
			isa = PBXGroup;
			children = (
				BA907FAE20C07558003E7BE9 /* dyskinesia.json */,
				BA907FAD20C07558003E7BE9 /* tremor.json */,
				BA87DC0820B8334C004ACAFF /* Localizable.strings */,
				BA87DBA520B80FFB004ACAFF /* Main.storyboard */,
				BA87DBA820B80FFD004ACAFF /* Assets.xcassets */,
				BA87DBAA20B80FFD004ACAFF /* LaunchScreen.storyboard */,
				BA87DBAD20B80FFD004ACAFF /* Info.plist */,
				BA29888F20BCF89200D19DEF /* Colors.swift */,
			);
			path = "Supporting Files";
			sourceTree = "<group>";
		};
		BA87DBEE20B81A36004ACAFF /* Main */ = {
			isa = PBXGroup;
			children = (
				BA87DC0C20B83628004ACAFF /* Header */,
				BA87DBEF20B81A79004ACAFF /* RootViewController.swift */,
			);
			path = Main;
			sourceTree = "<group>";
		};
		BA87DBF120B81BB2004ACAFF /* Onboarding */ = {
			isa = PBXGroup;
			children = (
				BA87DBF220B81BFB004ACAFF /* OnboardingStateManager.swift */,
				BA87DBF420B81D21004ACAFF /* OnboardingViewController.swift */,
				BA87DBF920B81E3D004ACAFF /* ConsentDocument.swift */,
			);
			path = Onboarding;
			sourceTree = "<group>";
		};
		BA87DBF620B81D90004ACAFF /* Presenting Tasks */ = {
			isa = PBXGroup;
			children = (
				BA87DBF720B81DB1004ACAFF /* TaskListViewController.swift */,
			);
			path = "Presenting Tasks";
			sourceTree = "<group>";
		};
		BA87DC0C20B83628004ACAFF /* Header */ = {
			isa = PBXGroup;
			children = (
				BA87DC0D20B83642004ACAFF /* HeaderView.swift */,
			);
			path = Header;
			sourceTree = "<group>";
		};
		BA87DC0F20B8B9EC004ACAFF /* Graphs */ = {
			isa = PBXGroup;
			children = (
				BA87DC1020B8BA08004ACAFF /* GraphViewController.swift */,
				BADF599D20BB55150070F7D9 /* ChartDataSources.swift */,
				BADF59A720BB61800070F7D9 /* BarGraphChartTableViewCell.swift */,
			);
			path = Graphs;
			sourceTree = "<group>";
		};
/* End PBXGroup section */

/* Begin PBXNativeTarget section */
		BA87DB9D20B80FFB004ACAFF /* ORKParkinsonStudy */ = {
			isa = PBXNativeTarget;
			buildConfigurationList = BA87DBDA20B80FFE004ACAFF /* Build configuration list for PBXNativeTarget "ORKParkinsonStudy" */;
			buildPhases = (
				BA87DB9A20B80FFB004ACAFF /* Sources */,
				BA87DB9B20B80FFB004ACAFF /* Frameworks */,
				BA87DB9C20B80FFB004ACAFF /* Resources */,
				BA87DBD920B80FFE004ACAFF /* Embed Watch Content */,
				BA87DC0020B81EBF004ACAFF /* Embed Frameworks */,
			);
			buildRules = (
			);
			dependencies = (
				BA87DBB320B80FFD004ACAFF /* PBXTargetDependency */,
			);
			name = ORKParkinsonStudy;
			productName = ORKParkinsonStudy;
			productReference = BA87DB9E20B80FFB004ACAFF /* ORKParkinsonStudy.app */;
			productType = "com.apple.product-type.application";
		};
		BA87DBAF20B80FFD004ACAFF /* ORKParkinsonStudy WatchKit App */ = {
			isa = PBXNativeTarget;
			buildConfigurationList = BA87DBD620B80FFE004ACAFF /* Build configuration list for PBXNativeTarget "ORKParkinsonStudy WatchKit App" */;
			buildPhases = (
				BA87DBAE20B80FFD004ACAFF /* Resources */,
				BA87DBD520B80FFE004ACAFF /* Embed App Extensions */,
			);
			buildRules = (
			);
			dependencies = (
				BA87DBC220B80FFD004ACAFF /* PBXTargetDependency */,
			);
			name = "ORKParkinsonStudy WatchKit App";
			productName = "ORKParkinsonStudy WatchKit App";
			productReference = BA87DBB020B80FFD004ACAFF /* ORKParkinsonStudy WatchKit App.app */;
			productType = "com.apple.product-type.application.watchapp2";
		};
		BA87DBBE20B80FFD004ACAFF /* ORKParkinsonStudy WatchKit Extension */ = {
			isa = PBXNativeTarget;
			buildConfigurationList = BA87DBD220B80FFE004ACAFF /* Build configuration list for PBXNativeTarget "ORKParkinsonStudy WatchKit Extension" */;
			buildPhases = (
				BA87DBBB20B80FFD004ACAFF /* Sources */,
				BA87DBBC20B80FFD004ACAFF /* Frameworks */,
				BA87DBBD20B80FFD004ACAFF /* Resources */,
			);
			buildRules = (
			);
			dependencies = (
			);
			name = "ORKParkinsonStudy WatchKit Extension";
			productName = "ORKParkinsonStudy WatchKit Extension";
			productReference = BA87DBBF20B80FFD004ACAFF /* ORKParkinsonStudy WatchKit Extension.appex */;
			productType = "com.apple.product-type.watchkit2-extension";
		};
/* End PBXNativeTarget section */

/* Begin PBXProject section */
		BA87DB9620B80FFB004ACAFF /* Project object */ = {
			isa = PBXProject;
			attributes = {
				LastSwiftUpdateCheck = 1000;
				LastUpgradeCheck = 1000;
				ORGANIZATIONNAME = "Apple, Inc.";
				TargetAttributes = {
					BA87DB9D20B80FFB004ACAFF = {
						CreatedOnToolsVersion = 10.0;
					};
					BA87DBAF20B80FFD004ACAFF = {
						CreatedOnToolsVersion = 10.0;
					};
					BA87DBBE20B80FFD004ACAFF = {
						CreatedOnToolsVersion = 10.0;
					};
				};
			};
			buildConfigurationList = BA87DB9920B80FFB004ACAFF /* Build configuration list for PBXProject "ORKParkinsonStudy" */;
			compatibilityVersion = "Xcode 9.3";
			developmentRegion = en;
			hasScannedForEncodings = 0;
			knownRegions = (
				en,
				Base,
			);
			mainGroup = BA87DB9520B80FFB004ACAFF;
			productRefGroup = BA87DB9F20B80FFB004ACAFF /* Products */;
			projectDirPath = "";
			projectRoot = "";
			targets = (
				BA87DB9D20B80FFB004ACAFF /* ORKParkinsonStudy */,
				BA87DBAF20B80FFD004ACAFF /* ORKParkinsonStudy WatchKit App */,
				BA87DBBE20B80FFD004ACAFF /* ORKParkinsonStudy WatchKit Extension */,
			);
		};
/* End PBXProject section */

/* Begin PBXResourcesBuildPhase section */
		BA87DB9C20B80FFB004ACAFF /* Resources */ = {
			isa = PBXResourcesBuildPhase;
			buildActionMask = 2147483647;
			files = (
				BA87DBAC20B80FFD004ACAFF /* LaunchScreen.storyboard in Resources */,
				BA87DC0A20B8334C004ACAFF /* Localizable.strings in Resources */,
				BA907FAF20C07558003E7BE9 /* tremor.json in Resources */,
				BA87DBA920B80FFD004ACAFF /* Assets.xcassets in Resources */,
				BA87DBA720B80FFB004ACAFF /* Main.storyboard in Resources */,
				BA907FB020C07558003E7BE9 /* dyskinesia.json in Resources */,
			);
			runOnlyForDeploymentPostprocessing = 0;
		};
		BA87DBAE20B80FFD004ACAFF /* Resources */ = {
			isa = PBXResourcesBuildPhase;
			buildActionMask = 2147483647;
			files = (
				BA87DBB720B80FFD004ACAFF /* Interface.storyboard in Resources */,
			);
			runOnlyForDeploymentPostprocessing = 0;
		};
		BA87DBBD20B80FFD004ACAFF /* Resources */ = {
			isa = PBXResourcesBuildPhase;
			buildActionMask = 2147483647;
			files = (
			);
			runOnlyForDeploymentPostprocessing = 0;
		};
/* End PBXResourcesBuildPhase section */

/* Begin PBXSourcesBuildPhase section */
		BA87DB9A20B80FFB004ACAFF /* Sources */ = {
			isa = PBXSourcesBuildPhase;
			buildActionMask = 2147483647;
			files = (
				BA87DBF320B81BFB004ACAFF /* OnboardingStateManager.swift in Sources */,
				BA29889020BCF89200D19DEF /* Colors.swift in Sources */,
				BA87DBFA20B81E3D004ACAFF /* ConsentDocument.swift in Sources */,
				BA87DBF020B81A79004ACAFF /* RootViewController.swift in Sources */,
				BA87DBA220B80FFB004ACAFF /* AppDelegate.swift in Sources */,
				BADF599E20BB55150070F7D9 /* ChartDataSources.swift in Sources */,
				BA87DBF520B81D21004ACAFF /* OnboardingViewController.swift in Sources */,
				BA87DC1120B8BA08004ACAFF /* GraphViewController.swift in Sources */,
				BA87DBF820B81DB1004ACAFF /* TaskListViewController.swift in Sources */,
				BADF59A820BB61800070F7D9 /* BarGraphChartTableViewCell.swift in Sources */,
				BA87DC0E20B83642004ACAFF /* HeaderView.swift in Sources */,
			);
			runOnlyForDeploymentPostprocessing = 0;
		};
		BA87DBBB20B80FFD004ACAFF /* Sources */ = {
			isa = PBXSourcesBuildPhase;
			buildActionMask = 2147483647;
			files = (
				BA87DBC920B80FFD004ACAFF /* NotificationController.swift in Sources */,
				BA2988A020BDCE1900D19DEF /* AssessmentManager.swift in Sources */,
				BA357DCC20BDD0DF00000AF0 /* ExtensionDelegate.swift in Sources */,
				BA87DBCB20B80FFD004ACAFF /* ComplicationController.swift in Sources */,
				BA87DBC520B80FFD004ACAFF /* InterfaceController.swift in Sources */,
			);
			runOnlyForDeploymentPostprocessing = 0;
		};
/* End PBXSourcesBuildPhase section */

/* Begin PBXTargetDependency section */
		BA87DBB320B80FFD004ACAFF /* PBXTargetDependency */ = {
			isa = PBXTargetDependency;
			target = BA87DBAF20B80FFD004ACAFF /* ORKParkinsonStudy WatchKit App */;
			targetProxy = BA87DBB220B80FFD004ACAFF /* PBXContainerItemProxy */;
		};
		BA87DBC220B80FFD004ACAFF /* PBXTargetDependency */ = {
			isa = PBXTargetDependency;
			target = BA87DBBE20B80FFD004ACAFF /* ORKParkinsonStudy WatchKit Extension */;
			targetProxy = BA87DBC120B80FFD004ACAFF /* PBXContainerItemProxy */;
		};
/* End PBXTargetDependency section */

/* Begin PBXVariantGroup section */
		BA87DBA520B80FFB004ACAFF /* Main.storyboard */ = {
			isa = PBXVariantGroup;
			children = (
				BA87DBA620B80FFB004ACAFF /* Base */,
			);
			name = Main.storyboard;
			sourceTree = "<group>";
		};
		BA87DBAA20B80FFD004ACAFF /* LaunchScreen.storyboard */ = {
			isa = PBXVariantGroup;
			children = (
				BA87DBAB20B80FFD004ACAFF /* Base */,
			);
			name = LaunchScreen.storyboard;
			sourceTree = "<group>";
		};
		BA87DBB520B80FFD004ACAFF /* Interface.storyboard */ = {
			isa = PBXVariantGroup;
			children = (
				BA87DBB620B80FFD004ACAFF /* Base */,
			);
			name = Interface.storyboard;
			sourceTree = "<group>";
		};
		BA87DC0820B8334C004ACAFF /* Localizable.strings */ = {
			isa = PBXVariantGroup;
			children = (
				BA87DC0920B8334C004ACAFF /* Base */,
				BA87DC0B20B83350004ACAFF /* en */,
			);
			name = Localizable.strings;
			sourceTree = "<group>";
		};
/* End PBXVariantGroup section */

/* Begin XCBuildConfiguration section */
		BA87DBD020B80FFE004ACAFF /* Debug */ = {
			isa = XCBuildConfiguration;
			buildSettings = {
				ALWAYS_SEARCH_USER_PATHS = NO;
				CLANG_ANALYZER_NONNULL = YES;
				CLANG_ANALYZER_NUMBER_OBJECT_CONVERSION = YES_AGGRESSIVE;
				CLANG_CXX_LANGUAGE_STANDARD = "gnu++14";
				CLANG_CXX_LIBRARY = "libc++";
				CLANG_ENABLE_MODULES = YES;
				CLANG_ENABLE_OBJC_ARC = YES;
				CLANG_ENABLE_OBJC_WEAK = YES;
				CLANG_WARN_BLOCK_CAPTURE_AUTORELEASING = YES;
				CLANG_WARN_BOOL_CONVERSION = YES;
				CLANG_WARN_COMMA = YES;
				CLANG_WARN_CONSTANT_CONVERSION = YES;
				CLANG_WARN_DEPRECATED_OBJC_IMPLEMENTATIONS = YES;
				CLANG_WARN_DIRECT_OBJC_ISA_USAGE = YES_ERROR;
				CLANG_WARN_DOCUMENTATION_COMMENTS = YES;
				CLANG_WARN_EMPTY_BODY = YES;
				CLANG_WARN_ENUM_CONVERSION = YES;
				CLANG_WARN_INFINITE_RECURSION = YES;
				CLANG_WARN_INT_CONVERSION = YES;
				CLANG_WARN_NON_LITERAL_NULL_CONVERSION = YES;
				CLANG_WARN_OBJC_IMPLICIT_RETAIN_SELF = YES;
				CLANG_WARN_OBJC_LITERAL_CONVERSION = YES;
				CLANG_WARN_OBJC_ROOT_CLASS = YES_ERROR;
				CLANG_WARN_RANGE_LOOP_ANALYSIS = YES;
				CLANG_WARN_STRICT_PROTOTYPES = YES;
				CLANG_WARN_SUSPICIOUS_MOVE = YES;
				CLANG_WARN_UNGUARDED_AVAILABILITY = YES_AGGRESSIVE;
				CLANG_WARN_UNREACHABLE_CODE = YES;
				CLANG_WARN__DUPLICATE_METHOD_MATCH = YES;
				CODE_SIGN_IDENTITY = "iPhone Developer";
				COPY_PHASE_STRIP = NO;
				DEBUG_INFORMATION_FORMAT = dwarf;
				ENABLE_STRICT_OBJC_MSGSEND = YES;
				ENABLE_TESTABILITY = YES;
				GCC_C_LANGUAGE_STANDARD = gnu11;
				GCC_DYNAMIC_NO_PIC = NO;
				GCC_NO_COMMON_BLOCKS = YES;
				GCC_OPTIMIZATION_LEVEL = 0;
				GCC_PREPROCESSOR_DEFINITIONS = (
					"DEBUG=1",
					"$(inherited)",
				);
				GCC_WARN_64_TO_32_BIT_CONVERSION = YES;
				GCC_WARN_ABOUT_RETURN_TYPE = YES_ERROR;
				GCC_WARN_UNDECLARED_SELECTOR = YES;
				GCC_WARN_UNINITIALIZED_AUTOS = YES_AGGRESSIVE;
				GCC_WARN_UNUSED_FUNCTION = YES;
				GCC_WARN_UNUSED_VARIABLE = YES;
				IPHONEOS_DEPLOYMENT_TARGET = 12.0;
				MTL_ENABLE_DEBUG_INFO = INCLUDE_SOURCE;
				ONLY_ACTIVE_ARCH = YES;
				SDKROOT = iphoneos;
				SWIFT_ACTIVE_COMPILATION_CONDITIONS = DEBUG;
				SWIFT_OPTIMIZATION_LEVEL = "-Onone";
			};
			name = Debug;
		};
		BA87DBD120B80FFE004ACAFF /* Release */ = {
			isa = XCBuildConfiguration;
			buildSettings = {
				ALWAYS_SEARCH_USER_PATHS = NO;
				CLANG_ANALYZER_NONNULL = YES;
				CLANG_ANALYZER_NUMBER_OBJECT_CONVERSION = YES_AGGRESSIVE;
				CLANG_CXX_LANGUAGE_STANDARD = "gnu++14";
				CLANG_CXX_LIBRARY = "libc++";
				CLANG_ENABLE_MODULES = YES;
				CLANG_ENABLE_OBJC_ARC = YES;
				CLANG_ENABLE_OBJC_WEAK = YES;
				CLANG_WARN_BLOCK_CAPTURE_AUTORELEASING = YES;
				CLANG_WARN_BOOL_CONVERSION = YES;
				CLANG_WARN_COMMA = YES;
				CLANG_WARN_CONSTANT_CONVERSION = YES;
				CLANG_WARN_DEPRECATED_OBJC_IMPLEMENTATIONS = YES;
				CLANG_WARN_DIRECT_OBJC_ISA_USAGE = YES_ERROR;
				CLANG_WARN_DOCUMENTATION_COMMENTS = YES;
				CLANG_WARN_EMPTY_BODY = YES;
				CLANG_WARN_ENUM_CONVERSION = YES;
				CLANG_WARN_INFINITE_RECURSION = YES;
				CLANG_WARN_INT_CONVERSION = YES;
				CLANG_WARN_NON_LITERAL_NULL_CONVERSION = YES;
				CLANG_WARN_OBJC_IMPLICIT_RETAIN_SELF = YES;
				CLANG_WARN_OBJC_LITERAL_CONVERSION = YES;
				CLANG_WARN_OBJC_ROOT_CLASS = YES_ERROR;
				CLANG_WARN_RANGE_LOOP_ANALYSIS = YES;
				CLANG_WARN_STRICT_PROTOTYPES = YES;
				CLANG_WARN_SUSPICIOUS_MOVE = YES;
				CLANG_WARN_UNGUARDED_AVAILABILITY = YES_AGGRESSIVE;
				CLANG_WARN_UNREACHABLE_CODE = YES;
				CLANG_WARN__DUPLICATE_METHOD_MATCH = YES;
				CODE_SIGN_IDENTITY = "iPhone Developer";
				COPY_PHASE_STRIP = NO;
				DEBUG_INFORMATION_FORMAT = "dwarf-with-dsym";
				ENABLE_NS_ASSERTIONS = NO;
				ENABLE_STRICT_OBJC_MSGSEND = YES;
				GCC_C_LANGUAGE_STANDARD = gnu11;
				GCC_NO_COMMON_BLOCKS = YES;
				GCC_WARN_64_TO_32_BIT_CONVERSION = YES;
				GCC_WARN_ABOUT_RETURN_TYPE = YES_ERROR;
				GCC_WARN_UNDECLARED_SELECTOR = YES;
				GCC_WARN_UNINITIALIZED_AUTOS = YES_AGGRESSIVE;
				GCC_WARN_UNUSED_FUNCTION = YES;
				GCC_WARN_UNUSED_VARIABLE = YES;
				IPHONEOS_DEPLOYMENT_TARGET = 12.0;
				MTL_ENABLE_DEBUG_INFO = NO;
				SDKROOT = iphoneos;
				SWIFT_COMPILATION_MODE = wholemodule;
				SWIFT_OPTIMIZATION_LEVEL = "-O";
				VALIDATE_PRODUCT = YES;
			};
			name = Release;
		};
		BA87DBD320B80FFE004ACAFF /* Debug */ = {
			isa = XCBuildConfiguration;
			buildSettings = {
				ASSETCATALOG_COMPILER_COMPLICATION_NAME = Complication;
				CODE_SIGN_STYLE = Automatic;
				DEVELOPMENT_TEAM = "";
				INFOPLIST_FILE = "ORKParkinsonStudy WatchKit Extension/Supporting Files/Info.plist";
				LD_RUNPATH_SEARCH_PATHS = (
					"$(inherited)",
					"@executable_path/Frameworks",
					"@executable_path/../../Frameworks",
				);
				PRODUCT_BUNDLE_IDENTIFIER = "com.example.researchkit-samplecode.ORKParkinsonStudy.watchkitapp.watchkitextension";
				PRODUCT_NAME = "${TARGET_NAME}";
				SDKROOT = watchos;
				SKIP_INSTALL = YES;
				SWIFT_OBJC_BRIDGING_HEADER = "$(PROJECT_DIR)/$(PROJECT_NAME) WatchKit Extension/Supporting Files/$(PROJECT_NAME)-Bridging-Header.h";
				SWIFT_VERSION = 4.2;
				TARGETED_DEVICE_FAMILY = 4;
				WATCHOS_DEPLOYMENT_TARGET = 5.0;
			};
			name = Debug;
		};
		BA87DBD420B80FFE004ACAFF /* Release */ = {
			isa = XCBuildConfiguration;
			buildSettings = {
				ASSETCATALOG_COMPILER_COMPLICATION_NAME = Complication;
				CODE_SIGN_STYLE = Automatic;
				DEVELOPMENT_TEAM = "";
				INFOPLIST_FILE = "ORKParkinsonStudy WatchKit Extension/Supporting Files/Info.plist";
				LD_RUNPATH_SEARCH_PATHS = (
					"$(inherited)",
					"@executable_path/Frameworks",
					"@executable_path/../../Frameworks",
				);
				PRODUCT_BUNDLE_IDENTIFIER = "com.example.researchkit-samplecode.ORKParkinsonStudy.watchkitapp.watchkitextension";
				PRODUCT_NAME = "${TARGET_NAME}";
				SDKROOT = watchos;
				SKIP_INSTALL = YES;
				SWIFT_OBJC_BRIDGING_HEADER = "$(PROJECT_DIR)/$(PROJECT_NAME) WatchKit Extension/Supporting Files/$(PROJECT_NAME)-Bridging-Header.h";
				SWIFT_VERSION = 4.2;
				TARGETED_DEVICE_FAMILY = 4;
				WATCHOS_DEPLOYMENT_TARGET = 5.0;
			};
			name = Release;
		};
		BA87DBD720B80FFE004ACAFF /* Debug */ = {
			isa = XCBuildConfiguration;
			buildSettings = {
				ALWAYS_EMBED_SWIFT_STANDARD_LIBRARIES = YES;
				CODE_SIGN_STYLE = Automatic;
				DEVELOPMENT_TEAM = "";
				IBSC_MODULE = ORKParkinsonStudy_WatchKit_Extension;
				INFOPLIST_FILE = "ORKParkinsonStudy WatchKit App/Info.plist";
				PRODUCT_BUNDLE_IDENTIFIER = "com.example.researchkit-samplecode.ORKParkinsonStudy.watchkitapp";
				PRODUCT_NAME = "$(TARGET_NAME)";
				SDKROOT = watchos;
				SKIP_INSTALL = YES;
				SWIFT_VERSION = 4.2;
				TARGETED_DEVICE_FAMILY = 4;
				WATCHOS_DEPLOYMENT_TARGET = 5.0;
			};
			name = Debug;
		};
		BA87DBD820B80FFE004ACAFF /* Release */ = {
			isa = XCBuildConfiguration;
			buildSettings = {
				ALWAYS_EMBED_SWIFT_STANDARD_LIBRARIES = YES;
				CODE_SIGN_STYLE = Automatic;
				DEVELOPMENT_TEAM = "";
				IBSC_MODULE = ORKParkinsonStudy_WatchKit_Extension;
				INFOPLIST_FILE = "ORKParkinsonStudy WatchKit App/Info.plist";
				PRODUCT_BUNDLE_IDENTIFIER = "com.example.researchkit-samplecode.ORKParkinsonStudy.watchkitapp";
				PRODUCT_NAME = "$(TARGET_NAME)";
				SDKROOT = watchos;
				SKIP_INSTALL = YES;
				SWIFT_VERSION = 4.2;
				TARGETED_DEVICE_FAMILY = 4;
				WATCHOS_DEPLOYMENT_TARGET = 5.0;
			};
			name = Release;
		};
		BA87DBDB20B80FFE004ACAFF /* Debug */ = {
			isa = XCBuildConfiguration;
			buildSettings = {
				ASSETCATALOG_COMPILER_APPICON_NAME = AppIcon;
				ASSETCATALOG_COMPILER_LAUNCHIMAGE_NAME = LaunchImage;
				CODE_SIGN_STYLE = Automatic;
				DEVELOPMENT_TEAM = "";
				INFOPLIST_FILE = "$(SRCROOT)/ORKParkinsonStudy/Supporting Files/Info.plist";
				IPHONEOS_DEPLOYMENT_TARGET = 11.0;
				LD_RUNPATH_SEARCH_PATHS = (
					"$(inherited)",
					"@executable_path/Frameworks",
				);
				PRODUCT_BUNDLE_IDENTIFIER = "com.example.researchkit-samplecode.ORKParkinsonStudy";
				PRODUCT_NAME = "$(TARGET_NAME)";
				SWIFT_VERSION = 4.2;
				TARGETED_DEVICE_FAMILY = "1,2";
			};
			name = Debug;
		};
		BA87DBDC20B80FFE004ACAFF /* Release */ = {
			isa = XCBuildConfiguration;
			buildSettings = {
				ASSETCATALOG_COMPILER_APPICON_NAME = AppIcon;
				ASSETCATALOG_COMPILER_LAUNCHIMAGE_NAME = LaunchImage;
				CODE_SIGN_STYLE = Automatic;
				DEVELOPMENT_TEAM = "";
				INFOPLIST_FILE = "$(SRCROOT)/ORKParkinsonStudy/Supporting Files/Info.plist";
				IPHONEOS_DEPLOYMENT_TARGET = 11.0;
				LD_RUNPATH_SEARCH_PATHS = (
					"$(inherited)",
					"@executable_path/Frameworks",
				);
				PRODUCT_BUNDLE_IDENTIFIER = "com.example.researchkit-samplecode.ORKParkinsonStudy";
				PRODUCT_NAME = "$(TARGET_NAME)";
				SWIFT_VERSION = 4.2;
				TARGETED_DEVICE_FAMILY = "1,2";
			};
			name = Release;
		};
/* End XCBuildConfiguration section */

/* Begin XCConfigurationList section */
		BA87DB9920B80FFB004ACAFF /* Build configuration list for PBXProject "ORKParkinsonStudy" */ = {
			isa = XCConfigurationList;
			buildConfigurations = (
				BA87DBD020B80FFE004ACAFF /* Debug */,
				BA87DBD120B80FFE004ACAFF /* Release */,
			);
			defaultConfigurationIsVisible = 0;
			defaultConfigurationName = Release;
		};
		BA87DBD220B80FFE004ACAFF /* Build configuration list for PBXNativeTarget "ORKParkinsonStudy WatchKit Extension" */ = {
			isa = XCConfigurationList;
			buildConfigurations = (
				BA87DBD320B80FFE004ACAFF /* Debug */,
				BA87DBD420B80FFE004ACAFF /* Release */,
			);
			defaultConfigurationIsVisible = 0;
			defaultConfigurationName = Release;
		};
		BA87DBD620B80FFE004ACAFF /* Build configuration list for PBXNativeTarget "ORKParkinsonStudy WatchKit App" */ = {
			isa = XCConfigurationList;
			buildConfigurations = (
				BA87DBD720B80FFE004ACAFF /* Debug */,
				BA87DBD820B80FFE004ACAFF /* Release */,
			);
			defaultConfigurationIsVisible = 0;
			defaultConfigurationName = Release;
		};
		BA87DBDA20B80FFE004ACAFF /* Build configuration list for PBXNativeTarget "ORKParkinsonStudy" */ = {
			isa = XCConfigurationList;
			buildConfigurations = (
				BA87DBDB20B80FFE004ACAFF /* Debug */,
				BA87DBDC20B80FFE004ACAFF /* Release */,
			);
			defaultConfigurationIsVisible = 0;
			defaultConfigurationName = Release;
		};
/* End XCConfigurationList section */
	};
	rootObject = BA87DB9620B80FFB004ACAFF /* Project object */;
}
