// !$*UTF8*$!
{
	archiveVersion = 1;
	classes = {
	};
	objectVersion = 46;
	objects = {

/* Begin PBXBuildFile section */
		3E39B9FB1ABF682D00C2ABE5 /* Main.storyboard in Resources */ = {isa = PBXBuildFile; fileRef = 3E39B9F91ABF682D00C2ABE5 /* Main.storyboard */; };
		3E39B9FE1ABF683700C2ABE5 /* LaunchScreen.xib in Resources */ = {isa = PBXBuildFile; fileRef = 3E39B9FC1ABF683700C2ABE5 /* LaunchScreen.xib */; };
		3E39BA001ABF683F00C2ABE5 /* Images.xcassets in Resources */ = {isa = PBXBuildFile; fileRef = 3E39B9FF1ABF683F00C2ABE5 /* Images.xcassets */; };
		3E4104A41AC0E938001B2302 /* ImageTableViewCell.swift in Sources */ = {isa = PBXBuildFile; fileRef = 3E4104A31AC0E938001B2302 /* ImageTableViewCell.swift */; };
		3E838B8B1ABFDCED006AE2D4 /* ResultTableViewProviders.swift in Sources */ = {isa = PBXBuildFile; fileRef = 3E838B8A1ABFDCED006AE2D4 /* ResultTableViewProviders.swift */; };
		3ED967B81AC13D37007E2D83 /* Localizable.strings in Resources */ = {isa = PBXBuildFile; fileRef = 3ED967BA1AC13D37007E2D83 /* Localizable.strings */; };
		863CCD821ACF545E009FD3B4 /* HealthKit.framework in Frameworks */ = {isa = PBXBuildFile; fileRef = 863CCD811ACF545E009FD3B4 /* HealthKit.framework */; };
		86B89AA21AB2C0A5001626A4 /* TaskListRow.swift in Sources */ = {isa = PBXBuildFile; fileRef = 86B89A991AB2C0A5001626A4 /* TaskListRow.swift */; };
		86B89AA31AB2C0A5001626A4 /* ResultViewController.swift in Sources */ = {isa = PBXBuildFile; fileRef = 86B89A9A1AB2C0A5001626A4 /* ResultViewController.swift */; };
		86B89AA41AB2C0A5001626A4 /* TaskListViewController.swift in Sources */ = {isa = PBXBuildFile; fileRef = 86B89A9B1AB2C0A5001626A4 /* TaskListViewController.swift */; };
		86B89AA51AB2C0A5001626A4 /* AppDelegate.swift in Sources */ = {isa = PBXBuildFile; fileRef = 86B89A9C1AB2C0A5001626A4 /* AppDelegate.swift */; };
		B115EE121AC1221F001DDE62 /* ResearchKit.framework in Frameworks */ = {isa = PBXBuildFile; fileRef = 3E39BA091ABF687E00C2ABE5 /* ResearchKit.framework */; };
		B115EE131AC1221F001DDE62 /* ResearchKit.framework in Embed Frameworks */ = {isa = PBXBuildFile; fileRef = 3E39BA091ABF687E00C2ABE5 /* ResearchKit.framework */; settings = {ATTRIBUTES = (CodeSignOnCopy, RemoveHeadersOnCopy, ); }; };
		D401B1321B070ADF000E6D3C /* TextImageTableViewCell.swift in Sources */ = {isa = PBXBuildFile; fileRef = D401B1311B070ADF000E6D3C /* TextImageTableViewCell.swift */; };
/* End PBXBuildFile section */

/* Begin PBXContainerItemProxy section */
		3E39BA081ABF687E00C2ABE5 /* PBXContainerItemProxy */ = {
			isa = PBXContainerItemProxy;
			containerPortal = 3E39BA011ABF687E00C2ABE5 /* ResearchKit.xcodeproj */;
			proxyType = 2;
			remoteGlobalIDString = B183A5951A8535D100C76870;
			remoteInfo = OpenResearchKit;
		};
		86822F791ACE136F0068ECA5 /* PBXContainerItemProxy */ = {
			isa = PBXContainerItemProxy;
			containerPortal = 3E39BA011ABF687E00C2ABE5 /* ResearchKit.xcodeproj */;
			proxyType = 2;
			remoteGlobalIDString = 86CC8E9A1AC09332001CCD89;
			remoteInfo = ResearchKitTests;
		};
		B115EE141AC1221F001DDE62 /* PBXContainerItemProxy */ = {
			isa = PBXContainerItemProxy;
			containerPortal = 3E39BA011ABF687E00C2ABE5 /* ResearchKit.xcodeproj */;
			proxyType = 1;
			remoteGlobalIDString = B183A4731A8535D100C76870;
			remoteInfo = OpenResearchKit;
		};
/* End PBXContainerItemProxy section */

/* Begin PBXCopyFilesBuildPhase section */
		B19A7FA01AB7564B00D090AD /* Embed Frameworks */ = {
			isa = PBXCopyFilesBuildPhase;
			buildActionMask = 2147483647;
			dstPath = "";
			dstSubfolderSpec = 10;
			files = (
				B115EE131AC1221F001DDE62 /* ResearchKit.framework in Embed Frameworks */,
			);
			name = "Embed Frameworks";
			runOnlyForDeploymentPostprocessing = 0;
		};
/* End PBXCopyFilesBuildPhase section */

/* Begin PBXFileReference section */
		3E39B9E81ABF675000C2ABE5 /* README.md */ = {isa = PBXFileReference; fileEncoding = 4; lastKnownFileType = net.daringfireball.markdown; path = README.md; sourceTree = "<group>"; };
		3E39B9FA1ABF682D00C2ABE5 /* Base */ = {isa = PBXFileReference; lastKnownFileType = file.storyboard; name = Base; path = Base.lproj/Main.storyboard; sourceTree = "<group>"; };
		3E39B9FD1ABF683700C2ABE5 /* Base */ = {isa = PBXFileReference; lastKnownFileType = file.xib; name = Base; path = Base.lproj/LaunchScreen.xib; sourceTree = "<group>"; };
		3E39B9FF1ABF683F00C2ABE5 /* Images.xcassets */ = {isa = PBXFileReference; lastKnownFileType = folder.assetcatalog; path = Images.xcassets; sourceTree = "<group>"; };
		3E39BA011ABF687E00C2ABE5 /* ResearchKit.xcodeproj */ = {isa = PBXFileReference; lastKnownFileType = "wrapper.pb-project"; name = ResearchKit.xcodeproj; path = ../../../ResearchKit.xcodeproj; sourceTree = "<group>"; };
		3E4104A31AC0E938001B2302 /* ImageTableViewCell.swift */ = {isa = PBXFileReference; fileEncoding = 4; lastKnownFileType = sourcecode.swift; path = ImageTableViewCell.swift; sourceTree = "<group>"; };
		3E838B8A1ABFDCED006AE2D4 /* ResultTableViewProviders.swift */ = {isa = PBXFileReference; fileEncoding = 4; lastKnownFileType = sourcecode.swift; path = ResultTableViewProviders.swift; sourceTree = "<group>"; };
		3ED967B91AC13D37007E2D83 /* Base */ = {isa = PBXFileReference; lastKnownFileType = text.plist.strings; name = Base; path = Base.lproj/Localizable.strings; sourceTree = "<group>"; };
		863CCD811ACF545E009FD3B4 /* HealthKit.framework */ = {isa = PBXFileReference; lastKnownFileType = wrapper.framework; name = HealthKit.framework; path = System/Library/Frameworks/HealthKit.framework; sourceTree = SDKROOT; };
		863CCD831ACF545E009FD3B4 /* ORKCatalog.entitlements */ = {isa = PBXFileReference; lastKnownFileType = text.xml; path = ORKCatalog.entitlements; sourceTree = "<group>"; };
		869230BE1AAA890A00BFE11B /* ORKCatalog.app */ = {isa = PBXFileReference; explicitFileType = wrapper.application; includeInIndex = 0; path = ORKCatalog.app; sourceTree = BUILT_PRODUCTS_DIR; };
		86B89A981AB2C0A5001626A4 /* Info.plist */ = {isa = PBXFileReference; fileEncoding = 4; lastKnownFileType = text.plist.xml; name = Info.plist; path = ORKCatalog/Info.plist; sourceTree = SOURCE_ROOT; };
		86B89A991AB2C0A5001626A4 /* TaskListRow.swift */ = {isa = PBXFileReference; fileEncoding = 4; lastKnownFileType = sourcecode.swift; lineEnding = 0; name = TaskListRow.swift; path = ORKCatalog/TaskListRow.swift; sourceTree = SOURCE_ROOT; xcLanguageSpecificationIdentifier = xcode.lang.swift; };
		86B89A9A1AB2C0A5001626A4 /* ResultViewController.swift */ = {isa = PBXFileReference; fileEncoding = 4; lastKnownFileType = sourcecode.swift; lineEnding = 0; name = ResultViewController.swift; path = ORKCatalog/ResultViewController.swift; sourceTree = SOURCE_ROOT; xcLanguageSpecificationIdentifier = xcode.lang.swift; };
		86B89A9B1AB2C0A5001626A4 /* TaskListViewController.swift */ = {isa = PBXFileReference; fileEncoding = 4; lastKnownFileType = sourcecode.swift; name = TaskListViewController.swift; path = ORKCatalog/TaskListViewController.swift; sourceTree = SOURCE_ROOT; };
		86B89A9C1AB2C0A5001626A4 /* AppDelegate.swift */ = {isa = PBXFileReference; fileEncoding = 4; lastKnownFileType = sourcecode.swift; name = AppDelegate.swift; path = ORKCatalog/AppDelegate.swift; sourceTree = SOURCE_ROOT; };
		D401B1311B070ADF000E6D3C /* TextImageTableViewCell.swift */ = {isa = PBXFileReference; fileEncoding = 4; lastKnownFileType = sourcecode.swift; path = TextImageTableViewCell.swift; sourceTree = "<group>"; };
/* End PBXFileReference section */

/* Begin PBXFrameworksBuildPhase section */
		869230BB1AAA890A00BFE11B /* Frameworks */ = {
			isa = PBXFrameworksBuildPhase;
			buildActionMask = 2147483647;
			files = (
				863CCD821ACF545E009FD3B4 /* HealthKit.framework in Frameworks */,
				B115EE121AC1221F001DDE62 /* ResearchKit.framework in Frameworks */,
			);
			runOnlyForDeploymentPostprocessing = 0;
		};
/* End PBXFrameworksBuildPhase section */

/* Begin PBXGroup section */
		3E39B9EC1ABF67AA00C2ABE5 /* ResearchKit */ = {
			isa = PBXGroup;
			children = (
				3E39BA011ABF687E00C2ABE5 /* ResearchKit.xcodeproj */,
			);
			name = ResearchKit;
			sourceTree = "<group>";
		};
		3E39BA021ABF687E00C2ABE5 /* Products */ = {
			isa = PBXGroup;
			children = (
				3E39BA091ABF687E00C2ABE5 /* ResearchKit.framework */,
				86822F7A1ACE136F0068ECA5 /* ResearchKitTests.xctest */,
			);
			name = Products;
			sourceTree = "<group>";
		};
		3E838B881ABFD0E5006AE2D4 /* Presenting Tasks */ = {
			isa = PBXGroup;
			children = (
				86B89A991AB2C0A5001626A4 /* TaskListRow.swift */,
				86B89A9B1AB2C0A5001626A4 /* TaskListViewController.swift */,
			);
			name = "Presenting Tasks";
			sourceTree = "<group>";
		};
		3E838B891ABFD104006AE2D4 /* Displaying Results */ = {
			isa = PBXGroup;
			children = (
				3E4104A31AC0E938001B2302 /* ImageTableViewCell.swift */,
				D401B1311B070ADF000E6D3C /* TextImageTableViewCell.swift */,
				3E838B8A1ABFDCED006AE2D4 /* ResultTableViewProviders.swift */,
				86B89A9A1AB2C0A5001626A4 /* ResultViewController.swift */,
			);
			name = "Displaying Results";
			sourceTree = "<group>";
		};
		869230B51AAA890A00BFE11B = {
			isa = PBXGroup;
			children = (
				863CCD811ACF545E009FD3B4 /* HealthKit.framework */,
				3E39B9E81ABF675000C2ABE5 /* README.md */,
				869230C01AAA890A00BFE11B /* ORKCatalog */,
				869230BF1AAA890A00BFE11B /* Products */,
			);
			sourceTree = "<group>";
		};
		869230BF1AAA890A00BFE11B /* Products */ = {
			isa = PBXGroup;
			children = (
				869230BE1AAA890A00BFE11B /* ORKCatalog.app */,
			);
			name = Products;
			sourceTree = "<group>";
		};
		869230C01AAA890A00BFE11B /* ORKCatalog */ = {
			isa = PBXGroup;
			children = (
				863CCD831ACF545E009FD3B4 /* ORKCatalog.entitlements */,
				86B89A9C1AB2C0A5001626A4 /* AppDelegate.swift */,
				3E838B881ABFD0E5006AE2D4 /* Presenting Tasks */,
				3E838B891ABFD104006AE2D4 /* Displaying Results */,
				3E39B9F91ABF682D00C2ABE5 /* Main.storyboard */,
				3E39B9FC1ABF683700C2ABE5 /* LaunchScreen.xib */,
				3E39B9FF1ABF683F00C2ABE5 /* Images.xcassets */,
				869230C11AAA890A00BFE11B /* Supporting Files */,
				3E39B9EC1ABF67AA00C2ABE5 /* ResearchKit */,
			);
			path = ORKCatalog;
			sourceTree = "<group>";
		};
		869230C11AAA890A00BFE11B /* Supporting Files */ = {
			isa = PBXGroup;
			children = (
				86B89A981AB2C0A5001626A4 /* Info.plist */,
				3ED967BA1AC13D37007E2D83 /* Localizable.strings */,
			);
			name = "Supporting Files";
			sourceTree = "<group>";
		};
/* End PBXGroup section */

/* Begin PBXNativeTarget section */
		869230BD1AAA890A00BFE11B /* ORKCatalog */ = {
			isa = PBXNativeTarget;
			buildConfigurationList = 869230DF1AAA890A00BFE11B /* Build configuration list for PBXNativeTarget "ORKCatalog" */;
			buildPhases = (
				869230BA1AAA890A00BFE11B /* Sources */,
				869230BB1AAA890A00BFE11B /* Frameworks */,
				869230BC1AAA890A00BFE11B /* Resources */,
				B19A7FA01AB7564B00D090AD /* Embed Frameworks */,
			);
			buildRules = (
			);
			dependencies = (
				B115EE151AC1221F001DDE62 /* PBXTargetDependency */,
			);
			name = ORKCatalog;
			productName = Consent.swift;
			productReference = 869230BE1AAA890A00BFE11B /* ORKCatalog.app */;
			productType = "com.apple.product-type.application";
		};
/* End PBXNativeTarget section */

/* Begin PBXProject section */
		869230B61AAA890A00BFE11B /* Project object */ = {
			isa = PBXProject;
			attributes = {
				LastSwiftUpdateCheck = 0700;
				LastUpgradeCheck = 0630;
				ORGANIZATIONNAME = researchkit.org;
				TargetAttributes = {
					869230BD1AAA890A00BFE11B = {
						CreatedOnToolsVersion = 6.2;
					};
				};
			};
			buildConfigurationList = 869230B91AAA890A00BFE11B /* Build configuration list for PBXProject "ORKCatalog" */;
			compatibilityVersion = "Xcode 3.2";
			developmentRegion = English;
			hasScannedForEncodings = 0;
			knownRegions = (
				en,
				Base,
			);
			mainGroup = 869230B51AAA890A00BFE11B;
			productRefGroup = 869230BF1AAA890A00BFE11B /* Products */;
			projectDirPath = "";
			projectReferences = (
				{
					ProductGroup = 3E39BA021ABF687E00C2ABE5 /* Products */;
					ProjectRef = 3E39BA011ABF687E00C2ABE5 /* ResearchKit.xcodeproj */;
				},
			);
			projectRoot = "";
			targets = (
				869230BD1AAA890A00BFE11B /* ORKCatalog */,
			);
		};
/* End PBXProject section */

/* Begin PBXReferenceProxy section */
		3E39BA091ABF687E00C2ABE5 /* ResearchKit.framework */ = {
			isa = PBXReferenceProxy;
			fileType = wrapper.framework;
			path = ResearchKit.framework;
			remoteRef = 3E39BA081ABF687E00C2ABE5 /* PBXContainerItemProxy */;
			sourceTree = BUILT_PRODUCTS_DIR;
		};
		86822F7A1ACE136F0068ECA5 /* ResearchKitTests.xctest */ = {
			isa = PBXReferenceProxy;
			fileType = wrapper.cfbundle;
			path = ResearchKitTests.xctest;
			remoteRef = 86822F791ACE136F0068ECA5 /* PBXContainerItemProxy */;
			sourceTree = BUILT_PRODUCTS_DIR;
		};
/* End PBXReferenceProxy section */

/* Begin PBXResourcesBuildPhase section */
		869230BC1AAA890A00BFE11B /* Resources */ = {
			isa = PBXResourcesBuildPhase;
			buildActionMask = 2147483647;
			files = (
				3E39BA001ABF683F00C2ABE5 /* Images.xcassets in Resources */,
				3E39B9FB1ABF682D00C2ABE5 /* Main.storyboard in Resources */,
				3E39B9FE1ABF683700C2ABE5 /* LaunchScreen.xib in Resources */,
				3ED967B81AC13D37007E2D83 /* Localizable.strings in Resources */,
			);
			runOnlyForDeploymentPostprocessing = 0;
		};
/* End PBXResourcesBuildPhase section */

/* Begin PBXSourcesBuildPhase section */
		869230BA1AAA890A00BFE11B /* Sources */ = {
			isa = PBXSourcesBuildPhase;
			buildActionMask = 2147483647;
			files = (
				86B89AA51AB2C0A5001626A4 /* AppDelegate.swift in Sources */,
				86B89AA41AB2C0A5001626A4 /* TaskListViewController.swift in Sources */,
				D401B1321B070ADF000E6D3C /* TextImageTableViewCell.swift in Sources */,
				3E838B8B1ABFDCED006AE2D4 /* ResultTableViewProviders.swift in Sources */,
				3E4104A41AC0E938001B2302 /* ImageTableViewCell.swift in Sources */,
				86B89AA21AB2C0A5001626A4 /* TaskListRow.swift in Sources */,
				86B89AA31AB2C0A5001626A4 /* ResultViewController.swift in Sources */,
			);
			runOnlyForDeploymentPostprocessing = 0;
		};
/* End PBXSourcesBuildPhase section */

/* Begin PBXTargetDependency section */
		B115EE151AC1221F001DDE62 /* PBXTargetDependency */ = {
			isa = PBXTargetDependency;
			name = OpenResearchKit;
			targetProxy = B115EE141AC1221F001DDE62 /* PBXContainerItemProxy */;
		};
/* End PBXTargetDependency section */

/* Begin PBXVariantGroup section */
		3E39B9F91ABF682D00C2ABE5 /* Main.storyboard */ = {
			isa = PBXVariantGroup;
			children = (
				3E39B9FA1ABF682D00C2ABE5 /* Base */,
			);
			name = Main.storyboard;
			sourceTree = "<group>";
		};
		3E39B9FC1ABF683700C2ABE5 /* LaunchScreen.xib */ = {
			isa = PBXVariantGroup;
			children = (
				3E39B9FD1ABF683700C2ABE5 /* Base */,
			);
			name = LaunchScreen.xib;
			sourceTree = "<group>";
		};
		3ED967BA1AC13D37007E2D83 /* Localizable.strings */ = {
			isa = PBXVariantGroup;
			children = (
				3ED967B91AC13D37007E2D83 /* Base */,
			);
			name = Localizable.strings;
			sourceTree = "<group>";
		};
/* End PBXVariantGroup section */

/* Begin XCBuildConfiguration section */
		869230DD1AAA890A00BFE11B /* Debug */ = {
			isa = XCBuildConfiguration;
			buildSettings = {
				ALWAYS_SEARCH_USER_PATHS = NO;
				CLANG_CXX_LANGUAGE_STANDARD = "gnu++0x";
				CLANG_CXX_LIBRARY = "libc++";
				CLANG_ENABLE_MODULES = YES;
				CLANG_ENABLE_OBJC_ARC = YES;
				CLANG_WARN_BOOL_CONVERSION = YES;
				CLANG_WARN_CONSTANT_CONVERSION = YES;
				CLANG_WARN_DIRECT_OBJC_ISA_USAGE = YES_ERROR;
				CLANG_WARN_EMPTY_BODY = YES;
				CLANG_WARN_ENUM_CONVERSION = YES;
				CLANG_WARN_INT_CONVERSION = YES;
				CLANG_WARN_OBJC_ROOT_CLASS = YES_ERROR;
				CLANG_WARN_UNREACHABLE_CODE = YES;
				CLANG_WARN__DUPLICATE_METHOD_MATCH = YES;
				"CODE_SIGN_IDENTITY[sdk=iphoneos*]" = "iPhone Developer";
				COPY_PHASE_STRIP = NO;
				ENABLE_STRICT_OBJC_MSGSEND = YES;
				GCC_C_LANGUAGE_STANDARD = gnu99;
				GCC_DYNAMIC_NO_PIC = NO;
				GCC_OPTIMIZATION_LEVEL = 0;
				GCC_PREPROCESSOR_DEFINITIONS = (
					"DEBUG=1",
					"$(inherited)",
				);
				GCC_SYMBOLS_PRIVATE_EXTERN = NO;
				GCC_WARN_64_TO_32_BIT_CONVERSION = YES;
				GCC_WARN_ABOUT_RETURN_TYPE = YES_ERROR;
				GCC_WARN_UNDECLARED_SELECTOR = YES;
				GCC_WARN_UNINITIALIZED_AUTOS = YES_AGGRESSIVE;
				GCC_WARN_UNUSED_FUNCTION = YES;
				GCC_WARN_UNUSED_VARIABLE = YES;
				IPHONEOS_DEPLOYMENT_TARGET = 8.0;
				MTL_ENABLE_DEBUG_INFO = YES;
				ONLY_ACTIVE_ARCH = YES;
				SDKROOT = iphoneos;
				SWIFT_OPTIMIZATION_LEVEL = "-Onone";
			};
			name = Debug;
		};
		869230DE1AAA890A00BFE11B /* Release */ = {
			isa = XCBuildConfiguration;
			buildSettings = {
				ALWAYS_SEARCH_USER_PATHS = NO;
				CLANG_CXX_LANGUAGE_STANDARD = "gnu++0x";
				CLANG_CXX_LIBRARY = "libc++";
				CLANG_ENABLE_MODULES = YES;
				CLANG_ENABLE_OBJC_ARC = YES;
				CLANG_WARN_BOOL_CONVERSION = YES;
				CLANG_WARN_CONSTANT_CONVERSION = YES;
				CLANG_WARN_DIRECT_OBJC_ISA_USAGE = YES_ERROR;
				CLANG_WARN_EMPTY_BODY = YES;
				CLANG_WARN_ENUM_CONVERSION = YES;
				CLANG_WARN_INT_CONVERSION = YES;
				CLANG_WARN_OBJC_ROOT_CLASS = YES_ERROR;
				CLANG_WARN_UNREACHABLE_CODE = YES;
				CLANG_WARN__DUPLICATE_METHOD_MATCH = YES;
				"CODE_SIGN_IDENTITY[sdk=iphoneos*]" = "iPhone Developer";
				COPY_PHASE_STRIP = NO;
				ENABLE_NS_ASSERTIONS = NO;
				ENABLE_STRICT_OBJC_MSGSEND = YES;
				GCC_C_LANGUAGE_STANDARD = gnu99;
				GCC_WARN_64_TO_32_BIT_CONVERSION = YES;
				GCC_WARN_ABOUT_RETURN_TYPE = YES_ERROR;
				GCC_WARN_UNDECLARED_SELECTOR = YES;
				GCC_WARN_UNINITIALIZED_AUTOS = YES_AGGRESSIVE;
				GCC_WARN_UNUSED_FUNCTION = YES;
				GCC_WARN_UNUSED_VARIABLE = YES;
				IPHONEOS_DEPLOYMENT_TARGET = 8.0;
				MTL_ENABLE_DEBUG_INFO = NO;
				SDKROOT = iphoneos;
				VALIDATE_PRODUCT = YES;
			};
			name = Release;
		};
		869230E01AAA890A00BFE11B /* Debug */ = {
			isa = XCBuildConfiguration;
			buildSettings = {
				ASSETCATALOG_COMPILER_APPICON_NAME = AppIcon;
				CODE_SIGN_ENTITLEMENTS = ORKCatalog/ORKCatalog.entitlements;
				CODE_SIGN_IDENTITY = "iPhone Developer";
				FRAMEWORK_SEARCH_PATHS = "$(inherited)";
				INFOPLIST_FILE = "$(SRCROOT)/ORKCatalog/Info.plist";
				IPHONEOS_DEPLOYMENT_TARGET = 8.0;
				LD_RUNPATH_SEARCH_PATHS = "$(inherited) @executable_path/Frameworks";
				PRODUCT_NAME = ORKCatalog;
				TARGETED_DEVICE_FAMILY = "1,2";
			};
			name = Debug;
		};
		869230E11AAA890A00BFE11B /* Release */ = {
			isa = XCBuildConfiguration;
			buildSettings = {
				ASSETCATALOG_COMPILER_APPICON_NAME = AppIcon;
				CODE_SIGN_ENTITLEMENTS = ORKCatalog/ORKCatalog.entitlements;
				CODE_SIGN_IDENTITY = "iPhone Developer";
				FRAMEWORK_SEARCH_PATHS = "$(inherited)";
				INFOPLIST_FILE = "$(SRCROOT)/ORKCatalog/Info.plist";
				IPHONEOS_DEPLOYMENT_TARGET = 8.0;
				LD_RUNPATH_SEARCH_PATHS = "$(inherited) @executable_path/Frameworks";
				PRODUCT_NAME = ORKCatalog;
				TARGETED_DEVICE_FAMILY = "1,2";
			};
			name = Release;
		};
/* End XCBuildConfiguration section */

/* Begin XCConfigurationList section */
		869230B91AAA890A00BFE11B /* Build configuration list for PBXProject "ORKCatalog" */ = {
			isa = XCConfigurationList;
			buildConfigurations = (
				869230DD1AAA890A00BFE11B /* Debug */,
				869230DE1AAA890A00BFE11B /* Release */,
			);
			defaultConfigurationIsVisible = 0;
			defaultConfigurationName = Release;
		};
		869230DF1AAA890A00BFE11B /* Build configuration list for PBXNativeTarget "ORKCatalog" */ = {
			isa = XCConfigurationList;
			buildConfigurations = (
				869230E01AAA890A00BFE11B /* Debug */,
				869230E11AAA890A00BFE11B /* Release */,
			);
			defaultConfigurationIsVisible = 0;
			defaultConfigurationName = Release;
		};
/* End XCConfigurationList section */
	};
	rootObject = 869230B61AAA890A00BFE11B /* Project object */;
}
